{
    "_readme": [
        "This file locks the dependencies of your project to a known state",
        "Read more about it at https://getcomposer.org/doc/01-basic-usage.md#installing-dependencies",
        "This file is @generated automatically"
    ],
    "content-hash": "4476a669d256b9403d1ad3b2acc70455",
    "packages": [
        {
            "name": "crell/attributeutils",
            "version": "1.0.0",
            "source": {
                "type": "git",
                "url": "https://github.com/Crell/AttributeUtils.git",
                "reference": "d021767cb3ae8bd6c9e3324737ae5c874cead08a"
            },
            "dist": {
                "type": "zip",
                "url": "https://api.github.com/repos/Crell/AttributeUtils/zipball/d021767cb3ae8bd6c9e3324737ae5c874cead08a",
                "reference": "d021767cb3ae8bd6c9e3324737ae5c874cead08a",
                "shasum": ""
            },
            "require": {
                "crell/fp": "~1.0.0",
                "php": "~8.1"
            },
            "require-dev": {
                "phpbench/phpbench": "^1.2",
                "phpstan/phpstan": "^1.10",
                "phpunit/phpunit": "~10.3",
                "psr/cache": "^3.0",
                "psr/cache-util": "^2.0"
            },
            "suggest": {
                "psr/cache": "Caching analyzer rests is recommended, and a bridge for psr/cache is included."
            },
            "type": "library",
            "extra": {
                "branch-alias": {
                    "dev-master": "1.0-dev"
                }
            },
            "autoload": {
                "psr-4": {
                    "Crell\\AttributeUtils\\": "src"
                }
            },
            "notification-url": "https://packagist.org/downloads/",
            "license": [
                "LGPL-3.0-or-later"
            ],
            "authors": [
                {
                    "name": "Larry Garfield",
                    "email": "larry@garfieldtech.com",
                    "homepage": "http://www.garfieldtech.com/",
                    "role": "Developer"
                }
            ],
            "description": "A robust, flexible attribute handling framework",
            "homepage": "https://github.com/Crell/AttributeUtils",
            "keywords": [
                "attributes",
                "reflection"
            ],
            "support": {
                "issues": "https://github.com/Crell/AttributeUtils/issues",
                "source": "https://github.com/Crell/AttributeUtils/tree/1.0.0"
            },
            "funding": [
                {
                    "url": "https://github.com/Crell",
                    "type": "github"
                }
            ],
            "time": "2023-10-31T00:19:22+00:00"
        },
        {
            "name": "crell/fp",
            "version": "1.0.0",
            "source": {
                "type": "git",
                "url": "https://github.com/Crell/fp.git",
                "reference": "796a1eaa3e2d841f93359f9ef64e45326b68af87"
            },
            "dist": {
                "type": "zip",
                "url": "https://api.github.com/repos/Crell/fp/zipball/796a1eaa3e2d841f93359f9ef64e45326b68af87",
                "reference": "796a1eaa3e2d841f93359f9ef64e45326b68af87",
                "shasum": ""
            },
            "require": {
                "php": "~8.1"
            },
            "require-dev": {
                "phpbench/phpbench": "^1.2",
                "phpstan/phpstan": "^1.10",
                "phpunit/phpunit": "~10.4"
            },
            "type": "library",
            "extra": {
                "branch-alias": {
                    "dev-master": "1.0-dev"
                }
            },
            "autoload": {
                "files": [
                    "src/array.php",
                    "src/composition.php",
                    "src/object.php",
                    "src/string.php"
                ],
                "psr-4": {
                    "Crell\\fp\\": "src"
                }
            },
            "notification-url": "https://packagist.org/downloads/",
            "license": [
                "LGPL-3.0-or-later"
            ],
            "authors": [
                {
                    "name": "Larry Garfield",
                    "email": "larry@garfieldtech.com",
                    "homepage": "http://www.garfieldtech.com/",
                    "role": "Developer"
                }
            ],
            "description": "Functional utilities for PHP 8 and later",
            "homepage": "https://github.com/Crell/fp",
            "keywords": [
                "array",
                "fp",
                "functional"
            ],
            "support": {
                "issues": "https://github.com/Crell/fp/issues",
                "source": "https://github.com/Crell/fp/tree/1.0.0"
            },
            "funding": [
                {
                    "url": "https://github.com/Crell",
                    "type": "github"
                }
            ],
            "time": "2023-10-28T20:06:08+00:00"
        },
        {
            "name": "crell/serde",
            "version": "1.1.0",
            "source": {
                "type": "git",
                "url": "https://github.com/Crell/Serde.git",
                "reference": "44e3af8d2c3c262e373d37d9708bf01fa4c86565"
            },
            "dist": {
                "type": "zip",
                "url": "https://api.github.com/repos/Crell/Serde/zipball/44e3af8d2c3c262e373d37d9708bf01fa4c86565",
                "reference": "44e3af8d2c3c262e373d37d9708bf01fa4c86565",
                "shasum": ""
            },
            "require": {
                "crell/attributeutils": "~1.0",
                "crell/fp": "~1.0",
                "php": "~8.1"
            },
            "require-dev": {
                "phpbench/phpbench": "^1.1.2",
                "phpstan/phpstan": "^1.9",
                "phpunit/phpunit": "~10.3",
                "symfony/yaml": "^5.3"
            },
            "suggest": {
                "symfony/yaml": "Enables serializing to/from YAML files."
            },
            "type": "library",
            "extra": {
                "branch-alias": {
                    "dev-master": "1.0-dev"
                }
            },
            "autoload": {
                "psr-4": {
                    "Crell\\Serde\\": "src"
                }
            },
            "notification-url": "https://packagist.org/downloads/",
            "license": [
                "LGPL-3.0-or-later"
            ],
            "authors": [
                {
                    "name": "Larry Garfield",
                    "email": "larry@garfieldtech.com",
                    "homepage": "http://www.garfieldtech.com/",
                    "role": "Developer"
                }
            ],
            "description": "A general purpose serialization and deserialization library",
            "homepage": "https://github.com/Crell/Serde",
            "keywords": [
                "Serde",
                "database"
            ],
            "support": {
                "issues": "https://github.com/Crell/Serde/issues",
                "source": "https://github.com/Crell/Serde/tree/1.1.0"
            },
            "funding": [
                {
                    "url": "https://github.com/Crell",
                    "type": "github"
                }
            ],
            "time": "2024-01-20T17:29:41+00:00"
        }
    ],
    "packages-dev": [],
    "aliases": [],
    "minimum-stability": "stable",
    "stability-flags": [],
    "prefer-stable": false,
    "prefer-lowest": false,
    "platform": {
        "php": "^8.2"
    },
    "platform-dev": [],
    "plugin-api-version": "2.6.0"
}
